
Microsoft Visual Studio Solution File, Format Version 12.00
# Visual Studio Version 16
VisualStudioVersion = 16.0.32126.315
MinimumVisualStudioVersion = 10.0.40219.1
Project("{FAE04EC0-301F-11D3-BF4B-00C04F79EFBC}") = "Csharp2Opdrachten", "Csharp2Opdrachten\Csharp2Opdrachten.csproj", "{FE576282-EB3A-475B-B53A-2A0499D9F5D7}"
EndProject
Global
	GlobalSection(SolutionConfigurationPlatforms) = preSolution
		Debug|Any CPU = Debug|Any CPU
		Release|Any CPU = Release|Any CPU
	EndGlobalSection
	GlobalSection(ProjectConfigurationPlatforms) = postSolution
		{FE576282-EB3A-475B-B53A-2A0499D9F5D7}.Debug|Any CPU.ActiveCfg = Debug|Any CPU
		{FE576282-EB3A-475B-B53A-2A0499D9F5D7}.Debug|Any CPU.Build.0 = Debug|Any CPU
		{FE576282-EB3A-475B-B53A-2A0499D9F5D7}.Release|Any CPU.ActiveCfg = Release|Any CPU
		{FE576282-EB3A-475B-B53A-2A0499D9F5D7}.Release|Any CPU.Build.0 = Release|Any CPU
	EndGlobalSection
	GlobalSection(SolutionProperties) = preSolution
		HideSolutionNode = FALSE
	EndGlobalSection
	GlobalSection(ExtensibilityGlobals) = postSolution
		SolutionGuid = {6D0EC021-EEC7-48B7-A851-4AFFEBC2B2C0}
	EndGlobalSection
EndGlobal
