
Microsoft Visual Studio Solution File, Format Version 12.00
# Visual Studio Version 16
VisualStudioVersion = 16.0.32126.315
MinimumVisualStudioVersion = 10.0.40219.1
Project("{FAE04EC0-301F-11D3-BF4B-00C04F79EFBC}") = "EnumOpdracht", "EnumOpdracht\EnumOpdracht.csproj", "{B8EB1BDB-4539-45EB-859F-C6D604906B53}"
EndProject
Global
	GlobalSection(SolutionConfigurationPlatforms) = preSolution
		Debug|Any CPU = Debug|Any CPU
		Release|Any CPU = Release|Any CPU
	EndGlobalSection
	GlobalSection(ProjectConfigurationPlatforms) = postSolution
		{B8EB1BDB-4539-45EB-859F-C6D604906B53}.Debug|Any CPU.ActiveCfg = Debug|Any CPU
		{B8EB1BDB-4539-45EB-859F-C6D604906B53}.Debug|Any CPU.Build.0 = Debug|Any CPU
		{B8EB1BDB-4539-45EB-859F-C6D604906B53}.Release|Any CPU.ActiveCfg = Release|Any CPU
		{B8EB1BDB-4539-45EB-859F-C6D604906B53}.Release|Any CPU.Build.0 = Release|Any CPU
	EndGlobalSection
	GlobalSection(SolutionProperties) = preSolution
		HideSolutionNode = FALSE
	EndGlobalSection
	GlobalSection(ExtensibilityGlobals) = postSolution
		SolutionGuid = {ACE4D9FB-2E43-45F8-BBBB-0976F2DFCEF5}
	EndGlobalSection
EndGlobal
